
Microsoft Visual Studio Solution File, Format Version 11.00
# Visual Studio 2010
Project("{FAE04EC0-301F-11D3-BF4B-00C04F79EFBC}") = "FiddlerPlugin", "FiddlerPlugin\FiddlerPlugin.csproj", "{A06A9470-C000-4D34-BDB0-BFDF83B123B3}"
EndProject
Project("{FAE04EC0-301F-11D3-BF4B-00C04F79EFBC}") = "SiteCatalystViewer", "SiteCatalystViewer\SiteCatalystViewer.csproj", "{7255FFA8-3CC8-4004-BA0F-EC5815ECD1A2}"
EndProject
Global
	GlobalSection(SolutionConfigurationPlatforms) = preSolution
		Debug|Any CPU = Debug|Any CPU
		Release|Any CPU = Release|Any CPU
	EndGlobalSection
	GlobalSection(ProjectConfigurationPlatforms) = postSolution
		{A06A9470-C000-4D34-BDB0-BFDF83B123B3}.Debug|Any CPU.ActiveCfg = Debug|Any CPU
		{A06A9470-C000-4D34-BDB0-BFDF83B123B3}.Debug|Any CPU.Build.0 = Debug|Any CPU
		{A06A9470-C000-4D34-BDB0-BFDF83B123B3}.Release|Any CPU.ActiveCfg = Release|Any CPU
		{A06A9470-C000-4D34-BDB0-BFDF83B123B3}.Release|Any CPU.Build.0 = Release|Any CPU
		{7255FFA8-3CC8-4004-BA0F-EC5815ECD1A2}.Debug|Any CPU.ActiveCfg = Debug|Any CPU
		{7255FFA8-3CC8-4004-BA0F-EC5815ECD1A2}.Debug|Any CPU.Build.0 = Debug|Any CPU
		{7255FFA8-3CC8-4004-BA0F-EC5815ECD1A2}.Release|Any CPU.ActiveCfg = Release|Any CPU
		{7255FFA8-3CC8-4004-BA0F-EC5815ECD1A2}.Release|Any CPU.Build.0 = Release|Any CPU
	EndGlobalSection
	GlobalSection(SolutionProperties) = preSolution
		HideSolutionNode = FALSE
	EndGlobalSection
EndGlobal
